// !$*UTF8*$!
{
	archiveVersion = 1;
	classes = {
	};
	objectVersion = 51;
	objects = {

/* Begin PBXBuildFile section */
		14C67B73CF8F3ACF782E0A24 /* Pods_PreworkTests.framework in Frameworks */ = {isa = PBXBuildFile; fileRef = 86B8BFDE4A3FD1288509B936 /* Pods_PreworkTests.framework */; };
		3B7CC51826A69DF70010A654 /* aassets.xcassets in Resources */ = {isa = PBXBuildFile; fileRef = 3B7CC51726A69DF70010A654 /* aassets.xcassets */; };
		3B7D8744269DC7AB0098F903 /* SnailNotice.swift in Sources */ = {isa = PBXBuildFile; fileRef = 3B7D8743269DC7AA0098F903 /* SnailNotice.swift */; };
		3B7D874B26A3DB460098F903 /* GlobalPicker.swift in Sources */ = {isa = PBXBuildFile; fileRef = 3B7D874A26A3DB460098F903 /* GlobalPicker.swift */; };
		3B7D874D26A3DBB10098F903 /* MyThemes.swift in Sources */ = {isa = PBXBuildFile; fileRef = 3B7D874C26A3DBB10098F903 /* MyThemes.swift */; };
		3BDC791C268C42B400A1378C /* AppDelegate.swift in Sources */ = {isa = PBXBuildFile; fileRef = 3BDC791B268C42B400A1378C /* AppDelegate.swift */; };
		3BDC791E268C42B400A1378C /* SceneDelegate.swift in Sources */ = {isa = PBXBuildFile; fileRef = 3BDC791D268C42B400A1378C /* SceneDelegate.swift */; };
		3BDC7920268C42B400A1378C /* ViewController.swift in Sources */ = {isa = PBXBuildFile; fileRef = 3BDC791F268C42B400A1378C /* ViewController.swift */; };
		3BDC7923268C42B400A1378C /* Main.storyboard in Resources */ = {isa = PBXBuildFile; fileRef = 3BDC7921268C42B400A1378C /* Main.storyboard */; };
		3BDC7928268C42C700A1378C /* LaunchScreen.storyboard in Resources */ = {isa = PBXBuildFile; fileRef = 3BDC7926268C42C700A1378C /* LaunchScreen.storyboard */; };
		3BDC7933268C42C700A1378C /* PreworkTests.swift in Sources */ = {isa = PBXBuildFile; fileRef = 3BDC7932268C42C700A1378C /* PreworkTests.swift */; };
		3BDC793E268C42C800A1378C /* PreworkUITests.swift in Sources */ = {isa = PBXBuildFile; fileRef = 3BDC793D268C42C800A1378C /* PreworkUITests.swift */; };
		3BDC794E268D95FD00A1378C /* SettingsViewController.swift in Sources */ = {isa = PBXBuildFile; fileRef = 3BDC794D268D95FD00A1378C /* SettingsViewController.swift */; };
		3BDC794F268D95FD00A1378C /* SettingsViewController.swift in Sources */ = {isa = PBXBuildFile; fileRef = 3BDC794D268D95FD00A1378C /* SettingsViewController.swift */; };
		3BDC7950268D95FD00A1378C /* SettingsViewController.swift in Sources */ = {isa = PBXBuildFile; fileRef = 3BDC794D268D95FD00A1378C /* SettingsViewController.swift */; };
		732FB1B6CED2E78565AA9F50 /* Pods_Prework.framework in Frameworks */ = {isa = PBXBuildFile; fileRef = CD8CAB41CCCEF88AFB76A3F0 /* Pods_Prework.framework */; };
		A06FD7219C734A0EB169B85D /* Pods_Prework_PreworkUITests.framework in Frameworks */ = {isa = PBXBuildFile; fileRef = F9C465D2C51ED485454C5AC5 /* Pods_Prework_PreworkUITests.framework */; };
/* End PBXBuildFile section */

/* Begin PBXContainerItemProxy section */
		3BDC792F268C42C700A1378C /* PBXContainerItemProxy */ = {
			isa = PBXContainerItemProxy;
			containerPortal = 3BDC7910268C42B400A1378C /* Project object */;
			proxyType = 1;
			remoteGlobalIDString = 3BDC7917268C42B400A1378C;
			remoteInfo = Prework;
		};
		3BDC793A268C42C800A1378C /* PBXContainerItemProxy */ = {
			isa = PBXContainerItemProxy;
			containerPortal = 3BDC7910268C42B400A1378C /* Project object */;
			proxyType = 1;
			remoteGlobalIDString = 3BDC7917268C42B400A1378C;
			remoteInfo = Prework;
		};
/* End PBXContainerItemProxy section */

/* Begin PBXFileReference section */
		381DD5510712FBE71BCC445C /* Pods-Prework-PreworkUITests.debug.xcconfig */ = {isa = PBXFileReference; includeInIndex = 1; lastKnownFileType = text.xcconfig; name = "Pods-Prework-PreworkUITests.debug.xcconfig"; path = "Target Support Files/Pods-Prework-PreworkUITests/Pods-Prework-PreworkUITests.debug.xcconfig"; sourceTree = "<group>"; };
		3B7CC51726A69DF70010A654 /* aassets.xcassets */ = {isa = PBXFileReference; lastKnownFileType = folder.assetcatalog; path = aassets.xcassets; sourceTree = "<group>"; };
		3B7D873C269B2B4B0098F903 /* Prework-Bridging-Header.h */ = {isa = PBXFileReference; lastKnownFileType = sourcecode.c.h; path = "Prework-Bridging-Header.h"; sourceTree = "<group>"; };
		3B7D8743269DC7AA0098F903 /* SnailNotice.swift */ = {isa = PBXFileReference; lastKnownFileType = sourcecode.swift; path = SnailNotice.swift; sourceTree = "<group>"; };
		3B7D874A26A3DB460098F903 /* GlobalPicker.swift */ = {isa = PBXFileReference; lastKnownFileType = sourcecode.swift; path = GlobalPicker.swift; sourceTree = "<group>"; };
		3B7D874C26A3DBB10098F903 /* MyThemes.swift */ = {isa = PBXFileReference; lastKnownFileType = sourcecode.swift; path = MyThemes.swift; sourceTree = "<group>"; };
		3BDC7918268C42B400A1378C /* Prework.app */ = {isa = PBXFileReference; explicitFileType = wrapper.application; includeInIndex = 0; path = Prework.app; sourceTree = BUILT_PRODUCTS_DIR; };
		3BDC791B268C42B400A1378C /* AppDelegate.swift */ = {isa = PBXFileReference; lastKnownFileType = sourcecode.swift; path = AppDelegate.swift; sourceTree = "<group>"; };
		3BDC791D268C42B400A1378C /* SceneDelegate.swift */ = {isa = PBXFileReference; lastKnownFileType = sourcecode.swift; path = SceneDelegate.swift; sourceTree = "<group>"; };
		3BDC791F268C42B400A1378C /* ViewController.swift */ = {isa = PBXFileReference; lastKnownFileType = sourcecode.swift; path = ViewController.swift; sourceTree = "<group>"; };
		3BDC7922268C42B400A1378C /* Base */ = {isa = PBXFileReference; lastKnownFileType = file.storyboard; name = Base; path = Base.lproj/Main.storyboard; sourceTree = "<group>"; };
		3BDC7927268C42C700A1378C /* Base */ = {isa = PBXFileReference; lastKnownFileType = file.storyboard; name = Base; path = Base.lproj/LaunchScreen.storyboard; sourceTree = "<group>"; };
		3BDC7929268C42C700A1378C /* Info.plist */ = {isa = PBXFileReference; lastKnownFileType = text.plist.xml; path = Info.plist; sourceTree = "<group>"; };
		3BDC792E268C42C700A1378C /* PreworkTests.xctest */ = {isa = PBXFileReference; explicitFileType = wrapper.cfbundle; includeInIndex = 0; path = PreworkTests.xctest; sourceTree = BUILT_PRODUCTS_DIR; };
		3BDC7932268C42C700A1378C /* PreworkTests.swift */ = {isa = PBXFileReference; lastKnownFileType = sourcecode.swift; path = PreworkTests.swift; sourceTree = "<group>"; };
		3BDC7934268C42C700A1378C /* Info.plist */ = {isa = PBXFileReference; lastKnownFileType = text.plist.xml; path = Info.plist; sourceTree = "<group>"; };
		3BDC7939268C42C800A1378C /* PreworkUITests.xctest */ = {isa = PBXFileReference; explicitFileType = wrapper.cfbundle; includeInIndex = 0; path = PreworkUITests.xctest; sourceTree = BUILT_PRODUCTS_DIR; };
		3BDC793D268C42C800A1378C /* PreworkUITests.swift */ = {isa = PBXFileReference; lastKnownFileType = sourcecode.swift; path = PreworkUITests.swift; sourceTree = "<group>"; };
		3BDC793F268C42C800A1378C /* Info.plist */ = {isa = PBXFileReference; lastKnownFileType = text.plist.xml; path = Info.plist; sourceTree = "<group>"; };
		3BDC794D268D95FD00A1378C /* SettingsViewController.swift */ = {isa = PBXFileReference; lastKnownFileType = sourcecode.swift; path = SettingsViewController.swift; sourceTree = "<group>"; };
		86B8BFDE4A3FD1288509B936 /* Pods_PreworkTests.framework */ = {isa = PBXFileReference; explicitFileType = wrapper.framework; includeInIndex = 0; path = Pods_PreworkTests.framework; sourceTree = BUILT_PRODUCTS_DIR; };
		891DF87BFD55315EF95695B2 /* Pods-Prework.debug.xcconfig */ = {isa = PBXFileReference; includeInIndex = 1; lastKnownFileType = text.xcconfig; name = "Pods-Prework.debug.xcconfig"; path = "Target Support Files/Pods-Prework/Pods-Prework.debug.xcconfig"; sourceTree = "<group>"; };
		B2BEF1BA36BEE05830A52083 /* Pods-PreworkTests.debug.xcconfig */ = {isa = PBXFileReference; includeInIndex = 1; lastKnownFileType = text.xcconfig; name = "Pods-PreworkTests.debug.xcconfig"; path = "Target Support Files/Pods-PreworkTests/Pods-PreworkTests.debug.xcconfig"; sourceTree = "<group>"; };
		CD8CAB41CCCEF88AFB76A3F0 /* Pods_Prework.framework */ = {isa = PBXFileReference; explicitFileType = wrapper.framework; includeInIndex = 0; path = Pods_Prework.framework; sourceTree = BUILT_PRODUCTS_DIR; };
		D7FA833396D5210DB47B5EC8 /* Pods-PreworkTests.release.xcconfig */ = {isa = PBXFileReference; includeInIndex = 1; lastKnownFileType = text.xcconfig; name = "Pods-PreworkTests.release.xcconfig"; path = "Target Support Files/Pods-PreworkTests/Pods-PreworkTests.release.xcconfig"; sourceTree = "<group>"; };
		EC98E276110111EB0E5DC953 /* Pods-Prework-PreworkUITests.release.xcconfig */ = {isa = PBXFileReference; includeInIndex = 1; lastKnownFileType = text.xcconfig; name = "Pods-Prework-PreworkUITests.release.xcconfig"; path = "Target Support Files/Pods-Prework-PreworkUITests/Pods-Prework-PreworkUITests.release.xcconfig"; sourceTree = "<group>"; };
		EEB66AD81C335F5AD90E13A2 /* Pods-Prework.release.xcconfig */ = {isa = PBXFileReference; includeInIndex = 1; lastKnownFileType = text.xcconfig; name = "Pods-Prework.release.xcconfig"; path = "Target Support Files/Pods-Prework/Pods-Prework.release.xcconfig"; sourceTree = "<group>"; };
		F9C465D2C51ED485454C5AC5 /* Pods_Prework_PreworkUITests.framework */ = {isa = PBXFileReference; explicitFileType = wrapper.framework; includeInIndex = 0; path = Pods_Prework_PreworkUITests.framework; sourceTree = BUILT_PRODUCTS_DIR; };
/* End PBXFileReference section */

/* Begin PBXFrameworksBuildPhase section */
		3BDC7915268C42B400A1378C /* Frameworks */ = {
			isa = PBXFrameworksBuildPhase;
			buildActionMask = 2147483647;
			files = (
				732FB1B6CED2E78565AA9F50 /* Pods_Prework.framework in Frameworks */,
			);
			runOnlyForDeploymentPostprocessing = 0;
		};
		3BDC792B268C42C700A1378C /* Frameworks */ = {
			isa = PBXFrameworksBuildPhase;
			buildActionMask = 2147483647;
			files = (
				14C67B73CF8F3ACF782E0A24 /* Pods_PreworkTests.framework in Frameworks */,
			);
			runOnlyForDeploymentPostprocessing = 0;
		};
		3BDC7936268C42C800A1378C /* Frameworks */ = {
			isa = PBXFrameworksBuildPhase;
			buildActionMask = 2147483647;
			files = (
				A06FD7219C734A0EB169B85D /* Pods_Prework_PreworkUITests.framework in Frameworks */,
			);
			runOnlyForDeploymentPostprocessing = 0;
		};
/* End PBXFrameworksBuildPhase section */

/* Begin PBXGroup section */
		3BDC790F268C42B400A1378C = {
			isa = PBXGroup;
			children = (
				3BDC791A268C42B400A1378C /* Prework */,
				3BDC7931268C42C700A1378C /* PreworkTests */,
				3BDC793C268C42C800A1378C /* PreworkUITests */,
				3BDC7919268C42B400A1378C /* Products */,
				8A9426A27768AF9C6DD81328 /* Pods */,
				84DCD701B858EC0025864724 /* Frameworks */,
			);
			sourceTree = "<group>";
		};
		3BDC7919268C42B400A1378C /* Products */ = {
			isa = PBXGroup;
			children = (
				3BDC7918268C42B400A1378C /* Prework.app */,
				3BDC792E268C42C700A1378C /* PreworkTests.xctest */,
				3BDC7939268C42C800A1378C /* PreworkUITests.xctest */,
			);
			name = Products;
			sourceTree = "<group>";
		};
		3BDC791A268C42B400A1378C /* Prework */ = {
			isa = PBXGroup;
			children = (
				3BDC791B268C42B400A1378C /* AppDelegate.swift */,
				3BDC791D268C42B400A1378C /* SceneDelegate.swift */,
				3BDC791F268C42B400A1378C /* ViewController.swift */,
				3BDC7921268C42B400A1378C /* Main.storyboard */,
				3BDC794D268D95FD00A1378C /* SettingsViewController.swift */,
				3BDC7926268C42C700A1378C /* LaunchScreen.storyboard */,
				3BDC7929268C42C700A1378C /* Info.plist */,
				3B7D873C269B2B4B0098F903 /* Prework-Bridging-Header.h */,
				3B7D8743269DC7AA0098F903 /* SnailNotice.swift */,
				3B7D874A26A3DB460098F903 /* GlobalPicker.swift */,
				3B7D874C26A3DBB10098F903 /* MyThemes.swift */,
				3B7CC51726A69DF70010A654 /* aassets.xcassets */,
			);
			path = Prework;
			sourceTree = "<group>";
		};
		3BDC7931268C42C700A1378C /* PreworkTests */ = {
			isa = PBXGroup;
			children = (
				3BDC7932268C42C700A1378C /* PreworkTests.swift */,
				3BDC7934268C42C700A1378C /* Info.plist */,
			);
			path = PreworkTests;
			sourceTree = "<group>";
		};
		3BDC793C268C42C800A1378C /* PreworkUITests */ = {
			isa = PBXGroup;
			children = (
				3BDC793D268C42C800A1378C /* PreworkUITests.swift */,
				3BDC793F268C42C800A1378C /* Info.plist */,
			);
			path = PreworkUITests;
			sourceTree = "<group>";
		};
		84DCD701B858EC0025864724 /* Frameworks */ = {
			isa = PBXGroup;
			children = (
				CD8CAB41CCCEF88AFB76A3F0 /* Pods_Prework.framework */,
				F9C465D2C51ED485454C5AC5 /* Pods_Prework_PreworkUITests.framework */,
				86B8BFDE4A3FD1288509B936 /* Pods_PreworkTests.framework */,
			);
			name = Frameworks;
			sourceTree = "<group>";
		};
		8A9426A27768AF9C6DD81328 /* Pods */ = {
			isa = PBXGroup;
			children = (
				891DF87BFD55315EF95695B2 /* Pods-Prework.debug.xcconfig */,
				EEB66AD81C335F5AD90E13A2 /* Pods-Prework.release.xcconfig */,
				381DD5510712FBE71BCC445C /* Pods-Prework-PreworkUITests.debug.xcconfig */,
				EC98E276110111EB0E5DC953 /* Pods-Prework-PreworkUITests.release.xcconfig */,
				B2BEF1BA36BEE05830A52083 /* Pods-PreworkTests.debug.xcconfig */,
				D7FA833396D5210DB47B5EC8 /* Pods-PreworkTests.release.xcconfig */,
			);
			path = Pods;
			sourceTree = "<group>";
		};
/* End PBXGroup section */

/* Begin PBXNativeTarget section */
		3BDC7917268C42B400A1378C /* Prework */ = {
			isa = PBXNativeTarget;
			buildConfigurationList = 3BDC7942268C42C800A1378C /* Build configuration list for PBXNativeTarget "Prework" */;
			buildPhases = (
				798BF7FDB78C4E2DD85870B2 /* [CP] Check Pods Manifest.lock */,
				3BDC7914268C42B400A1378C /* Sources */,
				3BDC7915268C42B400A1378C /* Frameworks */,
				3BDC7916268C42B400A1378C /* Resources */,
				1D2C69D87C7A18963087F31A /* [CP] Embed Pods Frameworks */,
			);
			buildRules = (
			);
			dependencies = (
			);
			name = Prework;
			productName = Prework;
			productReference = 3BDC7918268C42B400A1378C /* Prework.app */;
			productType = "com.apple.product-type.application";
		};
		3BDC792D268C42C700A1378C /* PreworkTests */ = {
			isa = PBXNativeTarget;
			buildConfigurationList = 3BDC7945268C42C800A1378C /* Build configuration list for PBXNativeTarget "PreworkTests" */;
			buildPhases = (
				CB102ECDF9683646AED095FA /* [CP] Check Pods Manifest.lock */,
				3BDC792A268C42C700A1378C /* Sources */,
				3BDC792B268C42C700A1378C /* Frameworks */,
				3BDC792C268C42C700A1378C /* Resources */,
			);
			buildRules = (
			);
			dependencies = (
				3BDC7930268C42C700A1378C /* PBXTargetDependency */,
			);
			name = PreworkTests;
			productName = PreworkTests;
			productReference = 3BDC792E268C42C700A1378C /* PreworkTests.xctest */;
			productType = "com.apple.product-type.bundle.unit-test";
		};
		3BDC7938268C42C800A1378C /* PreworkUITests */ = {
			isa = PBXNativeTarget;
			buildConfigurationList = 3BDC7948268C42C800A1378C /* Build configuration list for PBXNativeTarget "PreworkUITests" */;
			buildPhases = (
				60C48FA77D96C89DA5064586 /* [CP] Check Pods Manifest.lock */,
				3BDC7935268C42C800A1378C /* Sources */,
				3BDC7936268C42C800A1378C /* Frameworks */,
				3BDC7937268C42C800A1378C /* Resources */,
				5E68AD147E91224D425AAA79 /* [CP] Embed Pods Frameworks */,
			);
			buildRules = (
			);
			dependencies = (
				3BDC793B268C42C800A1378C /* PBXTargetDependency */,
			);
			name = PreworkUITests;
			productName = PreworkUITests;
			productReference = 3BDC7939268C42C800A1378C /* PreworkUITests.xctest */;
			productType = "com.apple.product-type.bundle.ui-testing";
		};
/* End PBXNativeTarget section */

/* Begin PBXProject section */
		3BDC7910268C42B400A1378C /* Project object */ = {
			isa = PBXProject;
			attributes = {
				LastSwiftUpdateCheck = 1250;
				LastUpgradeCheck = 1250;
				TargetAttributes = {
					3BDC7917268C42B400A1378C = {
						CreatedOnToolsVersion = 12.5.1;
						LastSwiftMigration = 1250;
					};
					3BDC792D268C42C700A1378C = {
						CreatedOnToolsVersion = 12.5.1;
						TestTargetID = 3BDC7917268C42B400A1378C;
					};
					3BDC7938268C42C800A1378C = {
						CreatedOnToolsVersion = 12.5.1;
						TestTargetID = 3BDC7917268C42B400A1378C;
					};
				};
			};
			buildConfigurationList = 3BDC7913268C42B400A1378C /* Build configuration list for PBXProject "Prework" */;
			compatibilityVersion = "Xcode 9.3";
			developmentRegion = en;
			hasScannedForEncodings = 0;
			knownRegions = (
				en,
				Base,
			);
			mainGroup = 3BDC790F268C42B400A1378C;
			productRefGroup = 3BDC7919268C42B400A1378C /* Products */;
			projectDirPath = "";
			projectRoot = "";
			targets = (
				3BDC7917268C42B400A1378C /* Prework */,
				3BDC792D268C42C700A1378C /* PreworkTests */,
				3BDC7938268C42C800A1378C /* PreworkUITests */,
			);
		};
/* End PBXProject section */

/* Begin PBXResourcesBuildPhase section */
		3BDC7916268C42B400A1378C /* Resources */ = {
			isa = PBXResourcesBuildPhase;
			buildActionMask = 2147483647;
			files = (
				3B7CC51826A69DF70010A654 /* aassets.xcassets in Resources */,
				3BDC7928268C42C700A1378C /* LaunchScreen.storyboard in Resources */,
				3BDC7923268C42B400A1378C /* Main.storyboard in Resources */,
			);
			runOnlyForDeploymentPostprocessing = 0;
		};
		3BDC792C268C42C700A1378C /* Resources */ = {
			isa = PBXResourcesBuildPhase;
			buildActionMask = 2147483647;
			files = (
			);
			runOnlyForDeploymentPostprocessing = 0;
		};
		3BDC7937268C42C800A1378C /* Resources */ = {
			isa = PBXResourcesBuildPhase;
			buildActionMask = 2147483647;
			files = (
			);
			runOnlyForDeploymentPostprocessing = 0;
		};
/* End PBXResourcesBuildPhase section */

/* Begin PBXShellScriptBuildPhase section */
		1D2C69D87C7A18963087F31A /* [CP] Embed Pods Frameworks */ = {
			isa = PBXShellScriptBuildPhase;
			buildActionMask = 2147483647;
			files = (
			);
			inputFileListPaths = (
				"${PODS_ROOT}/Target Support Files/Pods-Prework/Pods-Prework-frameworks-${CONFIGURATION}-input-files.xcfilelist",
			);
			name = "[CP] Embed Pods Frameworks";
			outputFileListPaths = (
				"${PODS_ROOT}/Target Support Files/Pods-Prework/Pods-Prework-frameworks-${CONFIGURATION}-output-files.xcfilelist",
			);
			runOnlyForDeploymentPostprocessing = 0;
			shellPath = /bin/sh;
			shellScript = "\"${PODS_ROOT}/Target Support Files/Pods-Prework/Pods-Prework-frameworks.sh\"\n";
			showEnvVarsInLog = 0;
		};
		5E68AD147E91224D425AAA79 /* [CP] Embed Pods Frameworks */ = {
			isa = PBXShellScriptBuildPhase;
			buildActionMask = 2147483647;
			files = (
			);
			inputFileListPaths = (
				"${PODS_ROOT}/Target Support Files/Pods-Prework-PreworkUITests/Pods-Prework-PreworkUITests-frameworks-${CONFIGURATION}-input-files.xcfilelist",
			);
			name = "[CP] Embed Pods Frameworks";
			outputFileListPaths = (
				"${PODS_ROOT}/Target Support Files/Pods-Prework-PreworkUITests/Pods-Prework-PreworkUITests-frameworks-${CONFIGURATION}-output-files.xcfilelist",
			);
			runOnlyForDeploymentPostprocessing = 0;
			shellPath = /bin/sh;
			shellScript = "\"${PODS_ROOT}/Target Support Files/Pods-Prework-PreworkUITests/Pods-Prework-PreworkUITests-frameworks.sh\"\n";
			showEnvVarsInLog = 0;
		};
		60C48FA77D96C89DA5064586 /* [CP] Check Pods Manifest.lock */ = {
			isa = PBXShellScriptBuildPhase;
			buildActionMask = 2147483647;
			files = (
			);
			inputFileListPaths = (
			);
			inputPaths = (
				"${PODS_PODFILE_DIR_PATH}/Podfile.lock",
				"${PODS_ROOT}/Manifest.lock",
			);
			name = "[CP] Check Pods Manifest.lock";
			outputFileListPaths = (
			);
			outputPaths = (
				"$(DERIVED_FILE_DIR)/Pods-Prework-PreworkUITests-checkManifestLockResult.txt",
			);
			runOnlyForDeploymentPostprocessing = 0;
			shellPath = /bin/sh;
			shellScript = "diff \"${PODS_PODFILE_DIR_PATH}/Podfile.lock\" \"${PODS_ROOT}/Manifest.lock\" > /dev/null\nif [ $? != 0 ] ; then\n    # print error to STDERR\n    echo \"error: The sandbox is not in sync with the Podfile.lock. Run 'pod install' or update your CocoaPods installation.\" >&2\n    exit 1\nfi\n# This output is used by Xcode 'outputs' to avoid re-running this script phase.\necho \"SUCCESS\" > \"${SCRIPT_OUTPUT_FILE_0}\"\n";
			showEnvVarsInLog = 0;
		};
		798BF7FDB78C4E2DD85870B2 /* [CP] Check Pods Manifest.lock */ = {
			isa = PBXShellScriptBuildPhase;
			buildActionMask = 2147483647;
			files = (
			);
			inputFileListPaths = (
			);
			inputPaths = (
				"${PODS_PODFILE_DIR_PATH}/Podfile.lock",
				"${PODS_ROOT}/Manifest.lock",
			);
			name = "[CP] Check Pods Manifest.lock";
			outputFileListPaths = (
			);
			outputPaths = (
				"$(DERIVED_FILE_DIR)/Pods-Prework-checkManifestLockResult.txt",
			);
			runOnlyForDeploymentPostprocessing = 0;
			shellPath = /bin/sh;
			shellScript = "diff \"${PODS_PODFILE_DIR_PATH}/Podfile.lock\" \"${PODS_ROOT}/Manifest.lock\" > /dev/null\nif [ $? != 0 ] ; then\n    # print error to STDERR\n    echo \"error: The sandbox is not in sync with the Podfile.lock. Run 'pod install' or update your CocoaPods installation.\" >&2\n    exit 1\nfi\n# This output is used by Xcode 'outputs' to avoid re-running this script phase.\necho \"SUCCESS\" > \"${SCRIPT_OUTPUT_FILE_0}\"\n";
			showEnvVarsInLog = 0;
		};
		CB102ECDF9683646AED095FA /* [CP] Check Pods Manifest.lock */ = {
			isa = PBXShellScriptBuildPhase;
			buildActionMask = 2147483647;
			files = (
			);
			inputFileListPaths = (
			);
			inputPaths = (
				"${PODS_PODFILE_DIR_PATH}/Podfile.lock",
				"${PODS_ROOT}/Manifest.lock",
			);
			name = "[CP] Check Pods Manifest.lock";
			outputFileListPaths = (
			);
			outputPaths = (
				"$(DERIVED_FILE_DIR)/Pods-PreworkTests-checkManifestLockResult.txt",
			);
			runOnlyForDeploymentPostprocessing = 0;
			shellPath = /bin/sh;
			shellScript = "diff \"${PODS_PODFILE_DIR_PATH}/Podfile.lock\" \"${PODS_ROOT}/Manifest.lock\" > /dev/null\nif [ $? != 0 ] ; then\n    # print error to STDERR\n    echo \"error: The sandbox is not in sync with the Podfile.lock. Run 'pod install' or update your CocoaPods installation.\" >&2\n    exit 1\nfi\n# This output is used by Xcode 'outputs' to avoid re-running this script phase.\necho \"SUCCESS\" > \"${SCRIPT_OUTPUT_FILE_0}\"\n";
			showEnvVarsInLog = 0;
		};
/* End PBXShellScriptBuildPhase section */

/* Begin PBXSourcesBuildPhase section */
		3BDC7914268C42B400A1378C /* Sources */ = {
			isa = PBXSourcesBuildPhase;
			buildActionMask = 2147483647;
			files = (
				3BDC7920268C42B400A1378C /* ViewController.swift in Sources */,
				3BDC791C268C42B400A1378C /* AppDelegate.swift in Sources */,
				3B7D874B26A3DB460098F903 /* GlobalPicker.swift in Sources */,
				3BDC791E268C42B400A1378C /* SceneDelegate.swift in Sources */,
				3B7D874D26A3DBB10098F903 /* MyThemes.swift in Sources */,
				3B7D8744269DC7AB0098F903 /* SnailNotice.swift in Sources */,
				3BDC794E268D95FD00A1378C /* SettingsViewController.swift in Sources */,
			);
			runOnlyForDeploymentPostprocessing = 0;
		};
		3BDC792A268C42C700A1378C /* Sources */ = {
			isa = PBXSourcesBuildPhase;
			buildActionMask = 2147483647;
			files = (
				3BDC7933268C42C700A1378C /* PreworkTests.swift in Sources */,
				3BDC794F268D95FD00A1378C /* SettingsViewController.swift in Sources */,
			);
			runOnlyForDeploymentPostprocessing = 0;
		};
		3BDC7935268C42C800A1378C /* Sources */ = {
			isa = PBXSourcesBuildPhase;
			buildActionMask = 2147483647;
			files = (
				3BDC793E268C42C800A1378C /* PreworkUITests.swift in Sources */,
				3BDC7950268D95FD00A1378C /* SettingsViewController.swift in Sources */,
			);
			runOnlyForDeploymentPostprocessing = 0;
		};
/* End PBXSourcesBuildPhase section */

/* Begin PBXTargetDependency section */
		3BDC7930268C42C700A1378C /* PBXTargetDependency */ = {
			isa = PBXTargetDependency;
			target = 3BDC7917268C42B400A1378C /* Prework */;
			targetProxy = 3BDC792F268C42C700A1378C /* PBXContainerItemProxy */;
		};
		3BDC793B268C42C800A1378C /* PBXTargetDependency */ = {
			isa = PBXTargetDependency;
			target = 3BDC7917268C42B400A1378C /* Prework */;
			targetProxy = 3BDC793A268C42C800A1378C /* PBXContainerItemProxy */;
		};
/* End PBXTargetDependency section */

/* Begin PBXVariantGroup section */
		3BDC7921268C42B400A1378C /* Main.storyboard */ = {
			isa = PBXVariantGroup;
			children = (
				3BDC7922268C42B400A1378C /* Base */,
			);
			name = Main.storyboard;
			sourceTree = "<group>";
		};
		3BDC7926268C42C700A1378C /* LaunchScreen.storyboard */ = {
			isa = PBXVariantGroup;
			children = (
				3BDC7927268C42C700A1378C /* Base */,
			);
			name = LaunchScreen.storyboard;
			sourceTree = "<group>";
		};
/* End PBXVariantGroup section */

/* Begin XCBuildConfiguration section */
		3BDC7940268C42C800A1378C /* Debug */ = {
			isa = XCBuildConfiguration;
			buildSettings = {
				ALWAYS_SEARCH_USER_PATHS = NO;
				CLANG_ANALYZER_NONNULL = YES;
				CLANG_ANALYZER_NUMBER_OBJECT_CONVERSION = YES_AGGRESSIVE;
				CLANG_CXX_LANGUAGE_STANDARD = "gnu++14";
				CLANG_CXX_LIBRARY = "libc++";
				CLANG_ENABLE_MODULES = YES;
				CLANG_ENABLE_OBJC_ARC = YES;
				CLANG_ENABLE_OBJC_WEAK = YES;
				CLANG_WARN_BLOCK_CAPTURE_AUTORELEASING = YES;
				CLANG_WARN_BOOL_CONVERSION = YES;
				CLANG_WARN_COMMA = YES;
				CLANG_WARN_CONSTANT_CONVERSION = YES;
				CLANG_WARN_DEPRECATED_OBJC_IMPLEMENTATIONS = YES;
				CLANG_WARN_DIRECT_OBJC_ISA_USAGE = YES_ERROR;
				CLANG_WARN_DOCUMENTATION_COMMENTS = YES;
				CLANG_WARN_EMPTY_BODY = YES;
				CLANG_WARN_ENUM_CONVERSION = YES;
				CLANG_WARN_INFINITE_RECURSION = YES;
				CLANG_WARN_INT_CONVERSION = YES;
				CLANG_WARN_NON_LITERAL_NULL_CONVERSION = YES;
				CLANG_WARN_OBJC_IMPLICIT_RETAIN_SELF = YES;
				CLANG_WARN_OBJC_LITERAL_CONVERSION = YES;
				CLANG_WARN_OBJC_ROOT_CLASS = YES_ERROR;
				CLANG_WARN_QUOTED_INCLUDE_IN_FRAMEWORK_HEADER = YES;
				CLANG_WARN_RANGE_LOOP_ANALYSIS = YES;
				CLANG_WARN_STRICT_PROTOTYPES = YES;
				CLANG_WARN_SUSPICIOUS_MOVE = YES;
				CLANG_WARN_UNGUARDED_AVAILABILITY = YES_AGGRESSIVE;
				CLANG_WARN_UNREACHABLE_CODE = YES;
				CLANG_WARN__DUPLICATE_METHOD_MATCH = YES;
				COPY_PHASE_STRIP = NO;
				DEBUG_INFORMATION_FORMAT = dwarf;
				ENABLE_STRICT_OBJC_MSGSEND = YES;
				ENABLE_TESTABILITY = YES;
				GCC_C_LANGUAGE_STANDARD = gnu11;
				GCC_DYNAMIC_NO_PIC = NO;
				GCC_NO_COMMON_BLOCKS = YES;
				GCC_OPTIMIZATION_LEVEL = 0;
				GCC_PREPROCESSOR_DEFINITIONS = (
					"DEBUG=1",
					"$(inherited)",
				);
				GCC_WARN_64_TO_32_BIT_CONVERSION = YES;
				GCC_WARN_ABOUT_RETURN_TYPE = YES_ERROR;
				GCC_WARN_UNDECLARED_SELECTOR = YES;
				GCC_WARN_UNINITIALIZED_AUTOS = YES_AGGRESSIVE;
				GCC_WARN_UNUSED_FUNCTION = YES;
				GCC_WARN_UNUSED_VARIABLE = YES;
				IPHONEOS_DEPLOYMENT_TARGET = 14.5;
				MTL_ENABLE_DEBUG_INFO = INCLUDE_SOURCE;
				MTL_FAST_MATH = YES;
				ONLY_ACTIVE_ARCH = YES;
				SDKROOT = iphoneos;
				SWIFT_ACTIVE_COMPILATION_CONDITIONS = DEBUG;
				SWIFT_OPTIMIZATION_LEVEL = "-Onone";
			};
			name = Debug;
		};
		3BDC7941268C42C800A1378C /* Release */ = {
			isa = XCBuildConfiguration;
			buildSettings = {
				ALWAYS_SEARCH_USER_PATHS = NO;
				CLANG_ANALYZER_NONNULL = YES;
				CLANG_ANALYZER_NUMBER_OBJECT_CONVERSION = YES_AGGRESSIVE;
				CLANG_CXX_LANGUAGE_STANDARD = "gnu++14";
				CLANG_CXX_LIBRARY = "libc++";
				CLANG_ENABLE_MODULES = YES;
				CLANG_ENABLE_OBJC_ARC = YES;
				CLANG_ENABLE_OBJC_WEAK = YES;
				CLANG_WARN_BLOCK_CAPTURE_AUTORELEASING = YES;
				CLANG_WARN_BOOL_CONVERSION = YES;
				CLANG_WARN_COMMA = YES;
				CLANG_WARN_CONSTANT_CONVERSION = YES;
				CLANG_WARN_DEPRECATED_OBJC_IMPLEMENTATIONS = YES;
				CLANG_WARN_DIRECT_OBJC_ISA_USAGE = YES_ERROR;
				CLANG_WARN_DOCUMENTATION_COMMENTS = YES;
				CLANG_WARN_EMPTY_BODY = YES;
				CLANG_WARN_ENUM_CONVERSION = YES;
				CLANG_WARN_INFINITE_RECURSION = YES;
				CLANG_WARN_INT_CONVERSION = YES;
				CLANG_WARN_NON_LITERAL_NULL_CONVERSION = YES;
				CLANG_WARN_OBJC_IMPLICIT_RETAIN_SELF = YES;
				CLANG_WARN_OBJC_LITERAL_CONVERSION = YES;
				CLANG_WARN_OBJC_ROOT_CLASS = YES_ERROR;
				CLANG_WARN_QUOTED_INCLUDE_IN_FRAMEWORK_HEADER = YES;
				CLANG_WARN_RANGE_LOOP_ANALYSIS = YES;
				CLANG_WARN_STRICT_PROTOTYPES = YES;
				CLANG_WARN_SUSPICIOUS_MOVE = YES;
				CLANG_WARN_UNGUARDED_AVAILABILITY = YES_AGGRESSIVE;
				CLANG_WARN_UNREACHABLE_CODE = YES;
				CLANG_WARN__DUPLICATE_METHOD_MATCH = YES;
				COPY_PHASE_STRIP = NO;
				DEBUG_INFORMATION_FORMAT = "dwarf-with-dsym";
				ENABLE_NS_ASSERTIONS = NO;
				ENABLE_STRICT_OBJC_MSGSEND = YES;
				GCC_C_LANGUAGE_STANDARD = gnu11;
				GCC_NO_COMMON_BLOCKS = YES;
				GCC_WARN_64_TO_32_BIT_CONVERSION = YES;
				GCC_WARN_ABOUT_RETURN_TYPE = YES_ERROR;
				GCC_WARN_UNDECLARED_SELECTOR = YES;
				GCC_WARN_UNINITIALIZED_AUTOS = YES_AGGRESSIVE;
				GCC_WARN_UNUSED_FUNCTION = YES;
				GCC_WARN_UNUSED_VARIABLE = YES;
				IPHONEOS_DEPLOYMENT_TARGET = 14.5;
				MTL_ENABLE_DEBUG_INFO = NO;
				MTL_FAST_MATH = YES;
				SDKROOT = iphoneos;
				SWIFT_COMPILATION_MODE = wholemodule;
				SWIFT_OPTIMIZATION_LEVEL = "-O";
				VALIDATE_PRODUCT = YES;
			};
			name = Release;
		};
		3BDC7943268C42C800A1378C /* Debug */ = {
			isa = XCBuildConfiguration;
			baseConfigurationReference = 891DF87BFD55315EF95695B2 /* Pods-Prework.debug.xcconfig */;
			buildSettings = {
				ASSETCATALOG_COMPILER_APPICON_NAME = AppIcon;
				ASSETCATALOG_COMPILER_GLOBAL_ACCENT_COLOR_NAME = AccentColor;
				CLANG_ENABLE_MODULES = YES;
				CODE_SIGN_IDENTITY = "Apple Development";
				CODE_SIGN_STYLE = Automatic;
				DEVELOPMENT_TEAM = 29HG5Y5PJS;
				INFOPLIST_FILE = Prework/Info.plist;
				LD_RUNPATH_SEARCH_PATHS = (
					"$(inherited)",
					"@executable_path/Frameworks",
				);
				PRODUCT_BUNDLE_IDENTIFIER = com.Prework;
				PRODUCT_NAME = "$(TARGET_NAME)";
				PROVISIONING_PROFILE_SPECIFIER = "";
				SWIFT_OBJC_BRIDGING_HEADER = "Prework/Prework-Bridging-Header.h";
				SWIFT_OPTIMIZATION_LEVEL = "-Onone";
				SWIFT_VERSION = 5.0;
				TARGETED_DEVICE_FAMILY = "1,2";
			};
			name = Debug;
		};
		3BDC7944268C42C800A1378C /* Release */ = {
			isa = XCBuildConfiguration;
			baseConfigurationReference = EEB66AD81C335F5AD90E13A2 /* Pods-Prework.release.xcconfig */;
			buildSettings = {
				ASSETCATALOG_COMPILER_APPICON_NAME = AppIcon;
				ASSETCATALOG_COMPILER_GLOBAL_ACCENT_COLOR_NAME = AccentColor;
				CLANG_ENABLE_MODULES = YES;
				CODE_SIGN_IDENTITY = "Apple Development";
				CODE_SIGN_STYLE = Automatic;
				DEVELOPMENT_TEAM = 29HG5Y5PJS;
				INFOPLIST_FILE = Prework/Info.plist;
				LD_RUNPATH_SEARCH_PATHS = (
					"$(inherited)",
					"@executable_path/Frameworks",
				);
				PRODUCT_BUNDLE_IDENTIFIER = com.Prework;
				PRODUCT_NAME = "$(TARGET_NAME)";
				PROVISIONING_PROFILE_SPECIFIER = "";
				SWIFT_OBJC_BRIDGING_HEADER = "Prework/Prework-Bridging-Header.h";
				SWIFT_VERSION = 5.0;
				TARGETED_DEVICE_FAMILY = "1,2";
			};
			name = Release;
		};
		3BDC7946268C42C800A1378C /* Debug */ = {
			isa = XCBuildConfiguration;
			baseConfigurationReference = B2BEF1BA36BEE05830A52083 /* Pods-PreworkTests.debug.xcconfig */;
			buildSettings = {
				ALWAYS_EMBED_SWIFT_STANDARD_LIBRARIES = YES;
				BUNDLE_LOADER = "$(TEST_HOST)";
				CODE_SIGN_STYLE = Automatic;
				INFOPLIST_FILE = PreworkTests/Info.plist;
				IPHONEOS_DEPLOYMENT_TARGET = 14.5;
				LD_RUNPATH_SEARCH_PATHS = (
					"$(inherited)",
					"@executable_path/Frameworks",
					"@loader_path/Frameworks",
				);
				PRODUCT_BUNDLE_IDENTIFIER = memo.com.PreworkTests;
				PRODUCT_NAME = "$(TARGET_NAME)";
				SWIFT_VERSION = 5.0;
				TARGETED_DEVICE_FAMILY = "1,2";
				TEST_HOST = "$(BUILT_PRODUCTS_DIR)/Prework.app/Prework";
			};
			name = Debug;
		};
		3BDC7947268C42C800A1378C /* Release */ = {
			isa = XCBuildConfiguration;
			baseConfigurationReference = D7FA833396D5210DB47B5EC8 /* Pods-PreworkTests.release.xcconfig */;
			buildSettings = {
				ALWAYS_EMBED_SWIFT_STANDARD_LIBRARIES = YES;
				BUNDLE_LOADER = "$(TEST_HOST)";
				CODE_SIGN_STYLE = Automatic;
				INFOPLIST_FILE = PreworkTests/Info.plist;
				IPHONEOS_DEPLOYMENT_TARGET = 14.5;
				LD_RUNPATH_SEARCH_PATHS = (
					"$(inherited)",
					"@executable_path/Frameworks",
					"@loader_path/Frameworks",
				);
				PRODUCT_BUNDLE_IDENTIFIER = memo.com.PreworkTests;
				PRODUCT_NAME = "$(TARGET_NAME)";
				SWIFT_VERSION = 5.0;
				TARGETED_DEVICE_FAMILY = "1,2";
				TEST_HOST = "$(BUILT_PRODUCTS_DIR)/Prework.app/Prework";
			};
			name = Release;
		};
		3BDC7949268C42C800A1378C /* Debug */ = {
			isa = XCBuildConfiguration;
			baseConfigurationReference = 381DD5510712FBE71BCC445C /* Pods-Prework-PreworkUITests.debug.xcconfig */;
			buildSettings = {
				ALWAYS_EMBED_SWIFT_STANDARD_LIBRARIES = YES;
				CODE_SIGN_STYLE = Automatic;
				INFOPLIST_FILE = PreworkUITests/Info.plist;
				LD_RUNPATH_SEARCH_PATHS = (
					"$(inherited)",
					"@executable_path/Frameworks",
					"@loader_path/Frameworks",
				);
				PRODUCT_BUNDLE_IDENTIFIER = memo.com.PreworkUITests;
				PRODUCT_NAME = "$(TARGET_NAME)";
				SWIFT_VERSION = 5.0;
				TARGETED_DEVICE_FAMILY = "1,2";
				TEST_TARGET_NAME = Prework;
			};
			name = Debug;
		};
		3BDC794A268C42C800A1378C /* Release */ = {
			isa = XCBuildConfiguration;
			baseConfigurationReference = EC98E276110111EB0E5DC953 /* Pods-Prework-PreworkUITests.release.xcconfig */;
			buildSettings = {
				ALWAYS_EMBED_SWIFT_STANDARD_LIBRARIES = YES;
				CODE_SIGN_STYLE = Automatic;
				INFOPLIST_FILE = PreworkUITests/Info.plist;
				LD_RUNPATH_SEARCH_PATHS = (
					"$(inherited)",
					"@executable_path/Frameworks",
					"@loader_path/Frameworks",
				);
				PRODUCT_BUNDLE_IDENTIFIER = memo.com.PreworkUITests;
				PRODUCT_NAME = "$(TARGET_NAME)";
				SWIFT_VERSION = 5.0;
				TARGETED_DEVICE_FAMILY = "1,2";
				TEST_TARGET_NAME = Prework;
			};
			name = Release;
		};
/* End XCBuildConfiguration section */

/* Begin XCConfigurationList section */
		3BDC7913268C42B400A1378C /* Build configuration list for PBXProject "Prework" */ = {
			isa = XCConfigurationList;
			buildConfigurations = (
				3BDC7940268C42C800A1378C /* Debug */,
				3BDC7941268C42C800A1378C /* Release */,
			);
			defaultConfigurationIsVisible = 0;
			defaultConfigurationName = Release;
		};
		3BDC7942268C42C800A1378C /* Build configuration list for PBXNativeTarget "Prework" */ = {
			isa = XCConfigurationList;
			buildConfigurations = (
				3BDC7943268C42C800A1378C /* Debug */,
				3BDC7944268C42C800A1378C /* Release */,
			);
			defaultConfigurationIsVisible = 0;
			defaultConfigurationName = Release;
		};
		3BDC7945268C42C800A1378C /* Build configuration list for PBXNativeTarget "PreworkTests" */ = {
			isa = XCConfigurationList;
			buildConfigurations = (
				3BDC7946268C42C800A1378C /* Debug */,
				3BDC7947268C42C800A1378C /* Release */,
			);
			defaultConfigurationIsVisible = 0;
			defaultConfigurationName = Release;
		};
		3BDC7948268C42C800A1378C /* Build configuration list for PBXNativeTarget "PreworkUITests" */ = {
			isa = XCConfigurationList;
			buildConfigurations = (
				3BDC7949268C42C800A1378C /* Debug */,
				3BDC794A268C42C800A1378C /* Release */,
			);
			defaultConfigurationIsVisible = 0;
			defaultConfigurationName = Release;
		};
/* End XCConfigurationList section */
	};
	rootObject = 3BDC7910268C42B400A1378C /* Project object */;
}
